{
  "version": 4,
  "terraform_version": "1.5.7",
  "serial": 44,
  "lineage": "03acfb4b-7a4b-6b69-ed54-7395fdc5ad27",
  "outputs": {},
  "resources": [
    {
      "mode": "managed",
      "type": "azurerm_network_security_group",
      "name": "default",
      "provider": "provider[\"registry.terraform.io/hashicorp/azurerm\"]",
      "instances": [
        {
          "schema_version": 0,
          "attributes": {
            "id": "/subscriptions/97a5f05e-ec9f-49ac-bbaf-93a65e9e1d86/resourceGroups/psqlfstest-gwc/providers/Microsoft.Network/networkSecurityGroups/psqlfstest-nsg",
            "location": "germanywestcentral",
            "name": "psqlfstest-nsg",
            "resource_group_name": "psqlfstest-gwc",
            "security_rule": [
              {
                "access": "Allow",
                "description": "",
                "destination_address_prefix": "*",
                "destination_address_prefixes": [],
                "destination_application_security_group_ids": [],
                "destination_port_range": "*",
                "destination_port_ranges": [],
                "direction": "Inbound",
                "name": "test123",
                "priority": 100,
                "protocol": "Tcp",
                "source_address_prefix": "*",
                "source_address_prefixes": [],
                "source_application_security_group_ids": [],
                "source_port_range": "*",
                "source_port_ranges": []
              }
            ],
            "tags": null,
            "timeouts": null
          },
          "sensitive_attributes": [],
          "private": "eyJlMmJmYjczMC1lY2FhLTExZTYtOGY4OC0zNDM2M2JjN2M0YzAiOnsiY3JlYXRlIjoxODAwMDAwMDAwMDAwLCJkZWxldGUiOjE4MDAwMDAwMDAwMDAsInJlYWQiOjMwMDAwMDAwMDAwMCwidXBkYXRlIjoxODAwMDAwMDAwMDAwfX0=",
          "dependencies": [
            "azurerm_resource_group.default"
          ]
        }
      ]
    },
    {
      "mode": "managed",
      "type": "azurerm_resource_group",
      "name": "default",
      "provider": "provider[\"registry.terraform.io/hashicorp/azurerm\"]",
      "instances": [
        {
          "schema_version": 0,
          "attributes": {
            "id": "/subscriptions/97a5f05e-ec9f-49ac-bbaf-93a65e9e1d86/resourceGroups/psqlfstest-gwc",
            "location": "germanywestcentral",
            "managed_by": "",
            "name": "psqlfstest-gwc",
            "tags": null,
            "timeouts": null
          },
          "sensitive_attributes": [],
          "private": "eyJlMmJmYjczMC1lY2FhLTExZTYtOGY4OC0zNDM2M2JjN2M0YzAiOnsiY3JlYXRlIjo1NDAwMDAwMDAwMDAwLCJkZWxldGUiOjU0MDAwMDAwMDAwMDAsInJlYWQiOjMwMDAwMDAwMDAwMCwidXBkYXRlIjo1NDAwMDAwMDAwMDAwfX0="
        }
      ]
    },
    {
      "mode": "managed",
      "type": "azurerm_subnet",
      "name": "default",
      "provider": "provider[\"registry.terraform.io/hashicorp/azurerm\"]",
      "instances": [
        {
          "schema_version": 0,
          "attributes": {
            "address_prefixes": [
              "10.0.2.0/24"
            ],
            "delegation": [
              {
                "name": "fs",
                "service_delegation": [
                  {
                    "actions": [
                      "Microsoft.Network/virtualNetworks/subnets/join/action"
                    ],
                    "name": "Microsoft.DBforPostgreSQL/flexibleServers"
                  }
                ]
              }
            ],
            "enforce_private_link_endpoint_network_policies": false,
            "enforce_private_link_service_network_policies": false,
            "id": "/subscriptions/97a5f05e-ec9f-49ac-bbaf-93a65e9e1d86/resourceGroups/psqlfstest-gwc/providers/Microsoft.Network/virtualNetworks/psqlfstest-vnet/subnets/psqlfstest-subnet",
            "name": "psqlfstest-subnet",
            "private_endpoint_network_policies_enabled": true,
            "private_link_service_network_policies_enabled": true,
            "resource_group_name": "psqlfstest-gwc",
            "service_endpoint_policy_ids": null,
            "service_endpoints": [
              "Microsoft.Storage"
            ],
            "timeouts": null,
            "virtual_network_name": "psqlfstest-vnet"
          },
          "sensitive_attributes": [],
          "private": "eyJlMmJmYjczMC1lY2FhLTExZTYtOGY4OC0zNDM2M2JjN2M0YzAiOnsiY3JlYXRlIjoxODAwMDAwMDAwMDAwLCJkZWxldGUiOjE4MDAwMDAwMDAwMDAsInJlYWQiOjMwMDAwMDAwMDAwMCwidXBkYXRlIjoxODAwMDAwMDAwMDAwfX0=",
          "dependencies": [
            "azurerm_resource_group.default",
            "azurerm_virtual_network.default"
          ]
        }
      ]
    },
    {
      "mode": "managed",
      "type": "azurerm_virtual_network",
      "name": "default",
      "provider": "provider[\"registry.terraform.io/hashicorp/azurerm\"]",
      "instances": [
        {
          "schema_version": 0,
          "attributes": {
            "address_space": [
              "10.0.0.0/16"
            ],
            "bgp_community": "",
            "ddos_protection_plan": [],
            "dns_servers": [],
            "edge_zone": "",
            "encryption": [],
            "flow_timeout_in_minutes": 0,
            "guid": "823ab81f-cf19-4aa8-8304-476aef6fb56b",
            "id": "/subscriptions/97a5f05e-ec9f-49ac-bbaf-93a65e9e1d86/resourceGroups/psqlfstest-gwc/providers/Microsoft.Network/virtualNetworks/psqlfstest-vnet",
            "location": "germanywestcentral",
            "name": "psqlfstest-vnet",
            "resource_group_name": "psqlfstest-gwc",
            "subnet": [],
            "tags": null,
            "timeouts": null
          },
          "sensitive_attributes": [],
          "private": "eyJlMmJmYjczMC1lY2FhLTExZTYtOGY4OC0zNDM2M2JjN2M0YzAiOnsiY3JlYXRlIjoxODAwMDAwMDAwMDAwLCJkZWxldGUiOjE4MDAwMDAwMDAwMDAsInJlYWQiOjMwMDAwMDAwMDAwMCwidXBkYXRlIjoxODAwMDAwMDAwMDAwfX0=",
          "dependencies": [
            "azurerm_resource_group.default"
          ]
        }
      ]
    },
    {
      "module": "module.psqlfstest",
      "mode": "managed",
      "type": "azurerm_postgresql_flexible_server",
      "name": "default",
      "provider": "provider[\"registry.terraform.io/hashicorp/azurerm\"]",
      "instances": [
        {
          "schema_version": 0,
          "attributes": {
            "administrator_login": "adminTerraform",
            "administrator_password": "postgres-flex14!",
            "authentication": [
              {
                "active_directory_auth_enabled": false,
                "password_auth_enabled": true,
                "tenant_id": ""
              }
            ],
            "auto_grow_enabled": false,
            "backup_retention_days": 7,
            "create_mode": null,
            "customer_managed_key": [],
            "delegated_subnet_id": "/subscriptions/97a5f05e-ec9f-49ac-bbaf-93a65e9e1d86/resourceGroups/psqlfstest-gwc/providers/Microsoft.Network/virtualNetworks/psqlfstest-vnet/subnets/psqlfstest-subnet",
            "fqdn": "dsworkpsqltest.postgres.database.azure.com",
            "geo_redundant_backup_enabled": false,
            "high_availability": [],
            "id": "/subscriptions/97a5f05e-ec9f-49ac-bbaf-93a65e9e1d86/resourceGroups/psqlfstest-gwc/providers/Microsoft.DBforPostgreSQL/flexibleServers/dsworkpsqltest",
            "identity": [],
            "location": "germanywestcentral",
            "maintenance_window": [],
            "name": "dsworkpsqltest",
            "point_in_time_restore_time_in_utc": null,
            "private_dns_zone_id": "/subscriptions/97a5f05e-ec9f-49ac-bbaf-93a65e9e1d86/resourceGroups/psqlfstest-gwc/providers/Microsoft.Network/privateDnsZones/dsworkpsqltest-pdz.postgres.database.azure.com",
            "public_network_access_enabled": false,
            "replication_role": "",
            "resource_group_name": "psqlfstest-gwc",
            "sku_name": "GP_Standard_D2s_v3",
            "source_server_id": null,
            "storage_mb": 32768,
            "tags": null,
            "timeouts": null,
            "version": "14",
            "zone": "1"
          },
          "sensitive_attributes": [],
          "private": "eyJlMmJmYjczMC1lY2FhLTExZTYtOGY4OC0zNDM2M2JjN2M0YzAiOnsiY3JlYXRlIjozNjAwMDAwMDAwMDAwLCJkZWxldGUiOjM2MDAwMDAwMDAwMDAsInJlYWQiOjMwMDAwMDAwMDAwMCwidXBkYXRlIjozNjAwMDAwMDAwMDAwfX0=",
          "dependencies": [
            "azurerm_resource_group.default",
            "azurerm_subnet.default",
            "azurerm_virtual_network.default",
            "module.psqlfstest.azurerm_private_dns_zone.postgresdns"
          ]
        }
      ]
    },
    {
      "module": "module.psqlfstest",
      "mode": "managed",
      "type": "azurerm_postgresql_flexible_server_database",
      "name": "default",
      "provider": "provider[\"registry.terraform.io/hashicorp/azurerm\"]",
      "instances": [
        {
          "schema_version": 0,
          "attributes": {
            "charset": "UTF8",
            "collation": "en_US.utf8",
            "id": "/subscriptions/97a5f05e-ec9f-49ac-bbaf-93a65e9e1d86/resourceGroups/psqlfstest-gwc/providers/Microsoft.DBforPostgreSQL/flexibleServers/dsworkpsqltest/databases/dsworkpsqltest_db",
            "name": "dsworkpsqltest_db",
            "server_id": "/subscriptions/97a5f05e-ec9f-49ac-bbaf-93a65e9e1d86/resourceGroups/psqlfstest-gwc/providers/Microsoft.DBforPostgreSQL/flexibleServers/dsworkpsqltest",
            "timeouts": null
          },
          "sensitive_attributes": [],
          "private": "eyJlMmJmYjczMC1lY2FhLTExZTYtOGY4OC0zNDM2M2JjN2M0YzAiOnsiY3JlYXRlIjoxODAwMDAwMDAwMDAwLCJkZWxldGUiOjE4MDAwMDAwMDAwMDAsInJlYWQiOjMwMDAwMDAwMDAwMH19",
          "dependencies": [
            "azurerm_resource_group.default",
            "azurerm_subnet.default",
            "azurerm_virtual_network.default",
            "module.psqlfstest.azurerm_postgresql_flexible_server.default",
            "module.psqlfstest.azurerm_private_dns_zone.postgresdns"
          ]
        }
      ]
    },
    {
      "module": "module.psqlfstest",
      "mode": "managed",
      "type": "azurerm_private_dns_zone",
      "name": "postgresdns",
      "provider": "provider[\"registry.terraform.io/hashicorp/azurerm\"]",
      "instances": [
        {
          "schema_version": 0,
          "attributes": {
            "id": "/subscriptions/97a5f05e-ec9f-49ac-bbaf-93a65e9e1d86/resourceGroups/psqlfstest-gwc/providers/Microsoft.Network/privateDnsZones/dsworkpsqltest-pdz.postgres.database.azure.com",
            "max_number_of_record_sets": 25000,
            "max_number_of_virtual_network_links": 1000,
            "max_number_of_virtual_network_links_with_registration": 100,
            "name": "dsworkpsqltest-pdz.postgres.database.azure.com",
            "number_of_record_sets": 1,
            "resource_group_name": "psqlfstest-gwc",
            "soa_record": [
              {
                "email": "azureprivatedns-host.microsoft.com",
                "expire_time": 2419200,
                "fqdn": "dsworkpsqltest-pdz.postgres.database.azure.com.",
                "host_name": "azureprivatedns.net",
                "minimum_ttl": 10,
                "refresh_time": 3600,
                "retry_time": 300,
                "serial_number": 1,
                "tags": {},
                "ttl": 3600
              }
            ],
            "tags": null,
            "timeouts": null
          },
          "sensitive_attributes": [],
          "private": "eyJlMmJmYjczMC1lY2FhLTExZTYtOGY4OC0zNDM2M2JjN2M0YzAiOnsiY3JlYXRlIjoxODAwMDAwMDAwMDAwLCJkZWxldGUiOjE4MDAwMDAwMDAwMDAsInJlYWQiOjMwMDAwMDAwMDAwMCwidXBkYXRlIjoxODAwMDAwMDAwMDAwfX0=",
          "dependencies": [
            "azurerm_resource_group.default"
          ]
        }
      ]
    },
    {
      "module": "module.psqlfstest",
      "mode": "managed",
      "type": "azurerm_private_dns_zone_virtual_network_link",
      "name": "postgres_dns_vnet_link",
      "provider": "provider[\"registry.terraform.io/hashicorp/azurerm\"]",
      "instances": [
        {
          "schema_version": 0,
          "attributes": {
            "id": "/subscriptions/97a5f05e-ec9f-49ac-bbaf-93a65e9e1d86/resourceGroups/psqlfstest-gwc/providers/Microsoft.Network/privateDnsZones/dsworkpsqltest-pdz.postgres.database.azure.com/virtualNetworkLinks/dsworkpsqltest-pdzvnetlink.com",
            "name": "dsworkpsqltest-pdzvnetlink.com",
            "private_dns_zone_name": "dsworkpsqltest-pdz.postgres.database.azure.com",
            "registration_enabled": true,
            "resource_group_name": "psqlfstest-gwc",
            "tags": null,
            "timeouts": null,
            "virtual_network_id": "/subscriptions/97a5f05e-ec9f-49ac-bbaf-93a65e9e1d86/resourceGroups/psqlfstest-gwc/providers/Microsoft.Network/virtualNetworks/psqlfstest-vnet"
          },
          "sensitive_attributes": [],
          "private": "eyJlMmJmYjczMC1lY2FhLTExZTYtOGY4OC0zNDM2M2JjN2M0YzAiOnsiY3JlYXRlIjoxODAwMDAwMDAwMDAwLCJkZWxldGUiOjE4MDAwMDAwMDAwMDAsInJlYWQiOjMwMDAwMDAwMDAwMCwidXBkYXRlIjoxODAwMDAwMDAwMDAwfX0=",
          "dependencies": [
            "azurerm_resource_group.default",
            "azurerm_subnet.default",
            "azurerm_virtual_network.default",
            "module.psqlfstest.azurerm_postgresql_flexible_server.default",
            "module.psqlfstest.azurerm_private_dns_zone.postgresdns"
          ]
        }
      ]
    }
  ],
  "check_results": null
}
